
Microsoft Visual Studio Solution File, Format Version 12.00
# Visual Studio 14
VisualStudioVersion = 14.0.25420.1
MinimumVisualStudioVersion = 10.0.40219.1
Project("{FAE04EC0-301F-11D3-BF4B-00C04F79EFBC}") = "SharePointAppAutoVersioning", "SharePointAppAutoVersioning\SharePointAppAutoVersioning.csproj", "{BBC3F86C-B4DA-41E9-8941-3755D5A8BF49}"
EndProject
Project("{FAE04EC0-301F-11D3-BF4B-00C04F79EFBC}") = "SharePointAppAutoVersioning.Shared", "SharePointAppAutoVersioning.Shared\SharePointAppAutoVersioning.Shared.csproj", "{C0E70B6A-7D6E-45C3-861A-FB0B5EBE9962}"
EndProject
Project("{FAE04EC0-301F-11D3-BF4B-00C04F79EFBC}") = "SharePointAppAutoVersioning.AutoIncrementBuildVersion", "SharePointAppAutoVersioning.AutoIncrementBuildVersion\SharePointAppAutoVersioning.AutoIncrementBuildVersion.csproj", "{47FB1FF2-6D90-4ECC-81F7-C26ADB43EBAA}"
EndProject
Global
	GlobalSection(SolutionConfigurationPlatforms) = preSolution
		Debug|Any CPU = Debug|Any CPU
		Release|Any CPU = Release|Any CPU
	EndGlobalSection
	GlobalSection(ProjectConfigurationPlatforms) = postSolution
		{BBC3F86C-B4DA-41E9-8941-3755D5A8BF49}.Debug|Any CPU.ActiveCfg = Debug|Any CPU
		{BBC3F86C-B4DA-41E9-8941-3755D5A8BF49}.Debug|Any CPU.Build.0 = Debug|Any CPU
		{BBC3F86C-B4DA-41E9-8941-3755D5A8BF49}.Release|Any CPU.ActiveCfg = Release|Any CPU
		{BBC3F86C-B4DA-41E9-8941-3755D5A8BF49}.Release|Any CPU.Build.0 = Release|Any CPU
		{C0E70B6A-7D6E-45C3-861A-FB0B5EBE9962}.Debug|Any CPU.ActiveCfg = Debug|Any CPU
		{C0E70B6A-7D6E-45C3-861A-FB0B5EBE9962}.Debug|Any CPU.Build.0 = Debug|Any CPU
		{C0E70B6A-7D6E-45C3-861A-FB0B5EBE9962}.Release|Any CPU.ActiveCfg = Release|Any CPU
		{C0E70B6A-7D6E-45C3-861A-FB0B5EBE9962}.Release|Any CPU.Build.0 = Release|Any CPU
		{47FB1FF2-6D90-4ECC-81F7-C26ADB43EBAA}.Debug|Any CPU.ActiveCfg = Debug|Any CPU
		{47FB1FF2-6D90-4ECC-81F7-C26ADB43EBAA}.Debug|Any CPU.Build.0 = Debug|Any CPU
		{47FB1FF2-6D90-4ECC-81F7-C26ADB43EBAA}.Release|Any CPU.ActiveCfg = Release|Any CPU
		{47FB1FF2-6D90-4ECC-81F7-C26ADB43EBAA}.Release|Any CPU.Build.0 = Release|Any CPU
	EndGlobalSection
	GlobalSection(SolutionProperties) = preSolution
		HideSolutionNode = FALSE
	EndGlobalSection
EndGlobal
